
Microsoft Visual Studio Solution File, Format Version 12.00
# Visual Studio Version 16
VisualStudioVersion = 16.0.32002.261
MinimumVisualStudioVersion = 10.0.40219.1
Project("{FAE04EC0-301F-11D3-BF4B-00C04F79EFBC}") = "ClientChatApp_20190140135_IlhamRobbiansyahS", "ClientChatApp_20190140135_IlhamRobbiansyahS\ClientChatApp_20190140135_IlhamRobbiansyahS.csproj", "{5B4DD586-6FA9-4430-BA66-82C972E783C7}"
EndProject
Global
	GlobalSection(SolutionConfigurationPlatforms) = preSolution
		Debug|Any CPU = Debug|Any CPU
		Release|Any CPU = Release|Any CPU
	EndGlobalSection
	GlobalSection(ProjectConfigurationPlatforms) = postSolution
		{5B4DD586-6FA9-4430-BA66-82C972E783C7}.Debug|Any CPU.ActiveCfg = Debug|Any CPU
		{5B4DD586-6FA9-4430-BA66-82C972E783C7}.Debug|Any CPU.Build.0 = Debug|Any CPU
		{5B4DD586-6FA9-4430-BA66-82C972E783C7}.Release|Any CPU.ActiveCfg = Release|Any CPU
		{5B4DD586-6FA9-4430-BA66-82C972E783C7}.Release|Any CPU.Build.0 = Release|Any CPU
	EndGlobalSection
	GlobalSection(SolutionProperties) = preSolution
		HideSolutionNode = FALSE
	EndGlobalSection
	GlobalSection(ExtensibilityGlobals) = postSolution
		SolutionGuid = {DD949DA5-EEDD-4D22-A0B8-BACC952C7B4D}
	EndGlobalSection
EndGlobal
